
Microsoft Visual Studio Solution File, Format Version 12.00
# Visual Studio Version 17
VisualStudioVersion = 17.0.31612.314
MinimumVisualStudioVersion = 10.0.40219.1
Project("{9A19103F-16F7-4668-BE54-9A1E7A4F7556}") = "MeControla.AgileManager", "MeControla.AgileManager\MeControla.AgileManager.csproj", "{3BC74271-ACFC-4080-9357-E16507CA9877}"
EndProject
Project("{9A19103F-16F7-4668-BE54-9A1E7A4F7556}") = "Stefanini.GitHub.Core", "Stefanini.GitHub.Core\Stefanini.GitHub.Core.csproj", "{8CBAD29F-09FE-4C0E-989D-7336E3D9A6D5}"
EndProject
Project("{9A19103F-16F7-4668-BE54-9A1E7A4F7556}") = "MeControla.Kernel", "MeControla.Kernel\MeControla.Kernel.csproj", "{0F5002C5-6D65-4AD4-B2F2-BA9851EEA157}"
EndProject
Project("{9A19103F-16F7-4668-BE54-9A1E7A4F7556}") = "Stefanini.GitHub.Web", "Stefanini.GitHub.Web\Stefanini.GitHub.Web.csproj", "{7C43C2E6-ED05-4C1F-B902-A2B01B339A32}"
EndProject
Project("{9A19103F-16F7-4668-BE54-9A1E7A4F7556}") = "MeControla.AgileManager.Core", "MeControla.AgileManager.Core\MeControla.AgileManager.Core.csproj", "{BA0ECF9F-1757-4A4F-AEA5-809179137F89}"
EndProject
Project("{9A19103F-16F7-4668-BE54-9A1E7A4F7556}") = "MeControla.AgileManager.Updater", "MeControla.AgileManager.Updater\MeControla.AgileManager.Updater.csproj", "{7169C8B1-EE0F-49CC-80CE-46C867999642}"
EndProject
Project("{9A19103F-16F7-4668-BE54-9A1E7A4F7556}") = "MeControla.AgileManager.Updater.Core", "MeControla.AgileManager.Updater.Core\MeControla.AgileManager.Updater.Core.csproj", "{B461B7C2-D67F-45A6-B9DB-D8B9BBA928F1}"
EndProject
Project("{9A19103F-16F7-4668-BE54-9A1E7A4F7556}") = "MeControla.Kernel.Tests", "MeControla.Kernel.Tests\MeControla.Kernel.Tests.csproj", "{35B2D313-77E4-45B4-900C-37324A06033F}"
EndProject
Project("{9A19103F-16F7-4668-BE54-9A1E7A4F7556}") = "MeControla.AgileManager.Core.Tests", "MeControla.AgileManager.Core.Tests\MeControla.AgileManager.Core.Tests.csproj", "{CE8D8B09-82EE-431F-84A3-EDD151DDA86F}"
EndProject
Project("{9A19103F-16F7-4668-BE54-9A1E7A4F7556}") = "MeControla.AgileManager.Updater.Core.Tests", "MeControla.AgileManager.Updater.Core.Tests\MeControla.AgileManager.Updater.Core.Tests.csproj", "{61BEEF5B-1E11-412D-AEEB-85B17BCEEF8D}"
EndProject
Project("{9A19103F-16F7-4668-BE54-9A1E7A4F7556}") = "MeControla.AgileManager.DataStorage", "MeControla.AgileManager.DataStorage\MeControla.AgileManager.DataStorage.csproj", "{5CD8E159-A4D2-4F7A-BD8C-A72E051B0B99}"
EndProject
Project("{9A19103F-16F7-4668-BE54-9A1E7A4F7556}") = "MeControla.AgileManager.Data", "MeControla.AgileManager.Data\MeControla.AgileManager.Data.csproj", "{236B3D8F-948B-4282-BB02-26A420868BCA}"
EndProject
Project("{9A19103F-16F7-4668-BE54-9A1E7A4F7556}") = "MeControla.AgileManager.TestingTools", "MeControla.AgileManager.TestingTools\MeControla.AgileManager.TestingTools.csproj", "{39884282-E22C-43C9-B15D-EA200BDEF81E}"
EndProject
Project("{FAE04EC0-301F-11D3-BF4B-00C04F79EFBC}") = "MeControla.AgileManager.Integrations.Jira", "MeControla.AgileManager.Integrations.Jira\MeControla.AgileManager.Integrations.Jira.csproj", "{9A5DF316-0D28-4E27-8F74-E9B430EB6A74}"
EndProject
Project("{9A19103F-16F7-4668-BE54-9A1E7A4F7556}") = "MeControla.AgileManager.Integrations.Jira.Tests", "MeControla.AgileManager.Integrations.Jira.Tests\MeControla.AgileManager.Integrations.Jira.Tests.csproj", "{1A7B6347-AB41-4EF0-81E8-17743D06439B}"
EndProject
Project("{FAE04EC0-301F-11D3-BF4B-00C04F79EFBC}") = "Microsoft.DotNetCore.Hosting", "Microsoft.DotNetCore.Hosting\Microsoft.DotNetCore.Hosting.csproj", "{F8D4448F-6E0F-4BED-8407-BD086F17549F}"
EndProject
Project("{FAE04EC0-301F-11D3-BF4B-00C04F79EFBC}") = "Microsoft.DotNetCore.Hosting.Abstractions", "Microsoft.DotNetCore.Hosting.Abstractions\Microsoft.DotNetCore.Hosting.Abstractions.csproj", "{8186EF39-593E-4749-AFA7-3237AC80E0AC}"
EndProject
Project("{FAE04EC0-301F-11D3-BF4B-00C04F79EFBC}") = "Microsoft.DotNetCore", "Microsoft.DotNetCore\Microsoft.DotNetCore.csproj", "{FA306C0B-C51F-455E-B6DE-30F82FA980B6}"
EndProject
Global
	GlobalSection(SolutionConfigurationPlatforms) = preSolution
		Debug|Any CPU = Debug|Any CPU
		Release|Any CPU = Release|Any CPU
	EndGlobalSection
	GlobalSection(ProjectConfigurationPlatforms) = postSolution
		{3BC74271-ACFC-4080-9357-E16507CA9877}.Debug|Any CPU.ActiveCfg = Debug|Any CPU
		{3BC74271-ACFC-4080-9357-E16507CA9877}.Debug|Any CPU.Build.0 = Debug|Any CPU
		{3BC74271-ACFC-4080-9357-E16507CA9877}.Release|Any CPU.ActiveCfg = Release|Any CPU
		{3BC74271-ACFC-4080-9357-E16507CA9877}.Release|Any CPU.Build.0 = Release|Any CPU
		{8CBAD29F-09FE-4C0E-989D-7336E3D9A6D5}.Debug|Any CPU.ActiveCfg = Debug|Any CPU
		{8CBAD29F-09FE-4C0E-989D-7336E3D9A6D5}.Debug|Any CPU.Build.0 = Debug|Any CPU
		{8CBAD29F-09FE-4C0E-989D-7336E3D9A6D5}.Release|Any CPU.ActiveCfg = Release|Any CPU
		{8CBAD29F-09FE-4C0E-989D-7336E3D9A6D5}.Release|Any CPU.Build.0 = Release|Any CPU
		{0F5002C5-6D65-4AD4-B2F2-BA9851EEA157}.Debug|Any CPU.ActiveCfg = Debug|Any CPU
		{0F5002C5-6D65-4AD4-B2F2-BA9851EEA157}.Debug|Any CPU.Build.0 = Debug|Any CPU
		{0F5002C5-6D65-4AD4-B2F2-BA9851EEA157}.Release|Any CPU.ActiveCfg = Release|Any CPU
		{0F5002C5-6D65-4AD4-B2F2-BA9851EEA157}.Release|Any CPU.Build.0 = Release|Any CPU
		{7C43C2E6-ED05-4C1F-B902-A2B01B339A32}.Debug|Any CPU.ActiveCfg = Debug|Any CPU
		{7C43C2E6-ED05-4C1F-B902-A2B01B339A32}.Debug|Any CPU.Build.0 = Debug|Any CPU
		{7C43C2E6-ED05-4C1F-B902-A2B01B339A32}.Release|Any CPU.ActiveCfg = Release|Any CPU
		{7C43C2E6-ED05-4C1F-B902-A2B01B339A32}.Release|Any CPU.Build.0 = Release|Any CPU
		{BA0ECF9F-1757-4A4F-AEA5-809179137F89}.Debug|Any CPU.ActiveCfg = Debug|Any CPU
		{BA0ECF9F-1757-4A4F-AEA5-809179137F89}.Debug|Any CPU.Build.0 = Debug|Any CPU
		{BA0ECF9F-1757-4A4F-AEA5-809179137F89}.Release|Any CPU.ActiveCfg = Release|Any CPU
		{BA0ECF9F-1757-4A4F-AEA5-809179137F89}.Release|Any CPU.Build.0 = Release|Any CPU
		{7169C8B1-EE0F-49CC-80CE-46C867999642}.Debug|Any CPU.ActiveCfg = Debug|Any CPU
		{7169C8B1-EE0F-49CC-80CE-46C867999642}.Debug|Any CPU.Build.0 = Debug|Any CPU
		{7169C8B1-EE0F-49CC-80CE-46C867999642}.Release|Any CPU.ActiveCfg = Release|Any CPU
		{7169C8B1-EE0F-49CC-80CE-46C867999642}.Release|Any CPU.Build.0 = Release|Any CPU
		{B461B7C2-D67F-45A6-B9DB-D8B9BBA928F1}.Debug|Any CPU.ActiveCfg = Debug|Any CPU
		{B461B7C2-D67F-45A6-B9DB-D8B9BBA928F1}.Debug|Any CPU.Build.0 = Debug|Any CPU
		{B461B7C2-D67F-45A6-B9DB-D8B9BBA928F1}.Release|Any CPU.ActiveCfg = Release|Any CPU
		{B461B7C2-D67F-45A6-B9DB-D8B9BBA928F1}.Release|Any CPU.Build.0 = Release|Any CPU
		{35B2D313-77E4-45B4-900C-37324A06033F}.Debug|Any CPU.ActiveCfg = Debug|Any CPU
		{35B2D313-77E4-45B4-900C-37324A06033F}.Debug|Any CPU.Build.0 = Debug|Any CPU
		{35B2D313-77E4-45B4-900C-37324A06033F}.Release|Any CPU.ActiveCfg = Release|Any CPU
		{35B2D313-77E4-45B4-900C-37324A06033F}.Release|Any CPU.Build.0 = Release|Any CPU
		{CE8D8B09-82EE-431F-84A3-EDD151DDA86F}.Debug|Any CPU.ActiveCfg = Debug|Any CPU
		{CE8D8B09-82EE-431F-84A3-EDD151DDA86F}.Debug|Any CPU.Build.0 = Debug|Any CPU
		{CE8D8B09-82EE-431F-84A3-EDD151DDA86F}.Release|Any CPU.ActiveCfg = Release|Any CPU
		{CE8D8B09-82EE-431F-84A3-EDD151DDA86F}.Release|Any CPU.Build.0 = Release|Any CPU
		{61BEEF5B-1E11-412D-AEEB-85B17BCEEF8D}.Debug|Any CPU.ActiveCfg = Debug|Any CPU
		{61BEEF5B-1E11-412D-AEEB-85B17BCEEF8D}.Debug|Any CPU.Build.0 = Debug|Any CPU
		{61BEEF5B-1E11-412D-AEEB-85B17BCEEF8D}.Release|Any CPU.ActiveCfg = Release|Any CPU
		{61BEEF5B-1E11-412D-AEEB-85B17BCEEF8D}.Release|Any CPU.Build.0 = Release|Any CPU
		{5CD8E159-A4D2-4F7A-BD8C-A72E051B0B99}.Debug|Any CPU.ActiveCfg = Debug|Any CPU
		{5CD8E159-A4D2-4F7A-BD8C-A72E051B0B99}.Debug|Any CPU.Build.0 = Debug|Any CPU
		{5CD8E159-A4D2-4F7A-BD8C-A72E051B0B99}.Release|Any CPU.ActiveCfg = Release|Any CPU
		{5CD8E159-A4D2-4F7A-BD8C-A72E051B0B99}.Release|Any CPU.Build.0 = Release|Any CPU
		{236B3D8F-948B-4282-BB02-26A420868BCA}.Debug|Any CPU.ActiveCfg = Debug|Any CPU
		{236B3D8F-948B-4282-BB02-26A420868BCA}.Debug|Any CPU.Build.0 = Debug|Any CPU
		{236B3D8F-948B-4282-BB02-26A420868BCA}.Release|Any CPU.ActiveCfg = Release|Any CPU
		{236B3D8F-948B-4282-BB02-26A420868BCA}.Release|Any CPU.Build.0 = Release|Any CPU
		{39884282-E22C-43C9-B15D-EA200BDEF81E}.Debug|Any CPU.ActiveCfg = Debug|Any CPU
		{39884282-E22C-43C9-B15D-EA200BDEF81E}.Debug|Any CPU.Build.0 = Debug|Any CPU
		{39884282-E22C-43C9-B15D-EA200BDEF81E}.Release|Any CPU.ActiveCfg = Release|Any CPU
		{39884282-E22C-43C9-B15D-EA200BDEF81E}.Release|Any CPU.Build.0 = Release|Any CPU
		{9A5DF316-0D28-4E27-8F74-E9B430EB6A74}.Debug|Any CPU.ActiveCfg = Debug|Any CPU
		{9A5DF316-0D28-4E27-8F74-E9B430EB6A74}.Debug|Any CPU.Build.0 = Debug|Any CPU
		{9A5DF316-0D28-4E27-8F74-E9B430EB6A74}.Release|Any CPU.ActiveCfg = Release|Any CPU
		{9A5DF316-0D28-4E27-8F74-E9B430EB6A74}.Release|Any CPU.Build.0 = Release|Any CPU
		{1A7B6347-AB41-4EF0-81E8-17743D06439B}.Debug|Any CPU.ActiveCfg = Debug|Any CPU
		{1A7B6347-AB41-4EF0-81E8-17743D06439B}.Debug|Any CPU.Build.0 = Debug|Any CPU
		{1A7B6347-AB41-4EF0-81E8-17743D06439B}.Release|Any CPU.ActiveCfg = Release|Any CPU
		{1A7B6347-AB41-4EF0-81E8-17743D06439B}.Release|Any CPU.Build.0 = Release|Any CPU
		{F8D4448F-6E0F-4BED-8407-BD086F17549F}.Debug|Any CPU.ActiveCfg = Debug|Any CPU
		{F8D4448F-6E0F-4BED-8407-BD086F17549F}.Debug|Any CPU.Build.0 = Debug|Any CPU
		{F8D4448F-6E0F-4BED-8407-BD086F17549F}.Release|Any CPU.ActiveCfg = Release|Any CPU
		{F8D4448F-6E0F-4BED-8407-BD086F17549F}.Release|Any CPU.Build.0 = Release|Any CPU
		{8186EF39-593E-4749-AFA7-3237AC80E0AC}.Debug|Any CPU.ActiveCfg = Debug|Any CPU
		{8186EF39-593E-4749-AFA7-3237AC80E0AC}.Debug|Any CPU.Build.0 = Debug|Any CPU
		{8186EF39-593E-4749-AFA7-3237AC80E0AC}.Release|Any CPU.ActiveCfg = Release|Any CPU
		{8186EF39-593E-4749-AFA7-3237AC80E0AC}.Release|Any CPU.Build.0 = Release|Any CPU
		{FA306C0B-C51F-455E-B6DE-30F82FA980B6}.Debug|Any CPU.ActiveCfg = Debug|Any CPU
		{FA306C0B-C51F-455E-B6DE-30F82FA980B6}.Debug|Any CPU.Build.0 = Debug|Any CPU
		{FA306C0B-C51F-455E-B6DE-30F82FA980B6}.Release|Any CPU.ActiveCfg = Release|Any CPU
		{FA306C0B-C51F-455E-B6DE-30F82FA980B6}.Release|Any CPU.Build.0 = Release|Any CPU
	EndGlobalSection
	GlobalSection(SolutionProperties) = preSolution
		HideSolutionNode = FALSE
	EndGlobalSection
	GlobalSection(ExtensibilityGlobals) = postSolution
		SolutionGuid = {B935071A-2636-4CEF-A139-ACD1910F8208}
	EndGlobalSection
EndGlobal
