
Microsoft Visual Studio Solution File, Format Version 12.00
# Visual Studio Version 17
VisualStudioVersion = 17.0.31612.314
MinimumVisualStudioVersion = 10.0.40219.1
Project("{9A19103F-16F7-4668-BE54-9A1E7A4F7556}") = "Stefanini.GitHub.Core", "Stefanini.GitHub.Core\Stefanini.GitHub.Core.csproj", "{8CBAD29F-09FE-4C0E-989D-7336E3D9A6D5}"
EndProject
Project("{9A19103F-16F7-4668-BE54-9A1E7A4F7556}") = "Stefanini.Core", "Stefanini.Core\Stefanini.Core.csproj", "{0F5002C5-6D65-4AD4-B2F2-BA9851EEA157}"
EndProject
Project("{9A19103F-16F7-4668-BE54-9A1E7A4F7556}") = "Stefanini.GitHub.Web", "Stefanini.GitHub.Web\Stefanini.GitHub.Web.csproj", "{7C43C2E6-ED05-4C1F-B902-A2B01B339A32}"
EndProject
Project("{9A19103F-16F7-4668-BE54-9A1E7A4F7556}") = "Stefanini.ViaReport", "Stefanini.ViaReport\Stefanini.ViaReport.csproj", "{3BC74271-ACFC-4080-9357-E16507CA9877}"
EndProject
Project("{9A19103F-16F7-4668-BE54-9A1E7A4F7556}") = "Stefanini.ViaReport.Core", "Stefanini.ViaReport.Core\Stefanini.ViaReport.Core.csproj", "{BA0ECF9F-1757-4A4F-AEA5-809179137F89}"
EndProject
Project("{9A19103F-16F7-4668-BE54-9A1E7A4F7556}") = "Stefanini.ViaReport.Core.Tests", "Stefanini.ViaReport.Core.Tests\Stefanini.ViaReport.Core.Tests.csproj", "{4007B9A9-25D7-4B8B-8C8F-CE754F5242F3}"
EndProject
Project("{C7167F0D-BC9F-4E6E-AFE1-012C56B48DB5}") = "Stefanini.ViaReport.Package", "Stefanini.ViaReport.Package\Stefanini.ViaReport.Package.wapproj", "{5BB0CBFC-3270-451C-A527-92639C36E49F}"
EndProject
Global
	GlobalSection(SolutionConfigurationPlatforms) = preSolution
		Debug|Any CPU = Debug|Any CPU
		Debug|ARM = Debug|ARM
		Debug|ARM64 = Debug|ARM64
		Debug|x64 = Debug|x64
		Debug|x86 = Debug|x86
		Release|Any CPU = Release|Any CPU
		Release|ARM = Release|ARM
		Release|ARM64 = Release|ARM64
		Release|x64 = Release|x64
		Release|x86 = Release|x86
	EndGlobalSection
	GlobalSection(ProjectConfigurationPlatforms) = postSolution
		{8CBAD29F-09FE-4C0E-989D-7336E3D9A6D5}.Debug|Any CPU.ActiveCfg = Debug|Any CPU
		{8CBAD29F-09FE-4C0E-989D-7336E3D9A6D5}.Debug|Any CPU.Build.0 = Debug|Any CPU
		{8CBAD29F-09FE-4C0E-989D-7336E3D9A6D5}.Debug|ARM.ActiveCfg = Debug|Any CPU
		{8CBAD29F-09FE-4C0E-989D-7336E3D9A6D5}.Debug|ARM.Build.0 = Debug|Any CPU
		{8CBAD29F-09FE-4C0E-989D-7336E3D9A6D5}.Debug|ARM64.ActiveCfg = Debug|Any CPU
		{8CBAD29F-09FE-4C0E-989D-7336E3D9A6D5}.Debug|ARM64.Build.0 = Debug|Any CPU
		{8CBAD29F-09FE-4C0E-989D-7336E3D9A6D5}.Debug|x64.ActiveCfg = Debug|Any CPU
		{8CBAD29F-09FE-4C0E-989D-7336E3D9A6D5}.Debug|x64.Build.0 = Debug|Any CPU
		{8CBAD29F-09FE-4C0E-989D-7336E3D9A6D5}.Debug|x86.ActiveCfg = Debug|Any CPU
		{8CBAD29F-09FE-4C0E-989D-7336E3D9A6D5}.Debug|x86.Build.0 = Debug|Any CPU
		{8CBAD29F-09FE-4C0E-989D-7336E3D9A6D5}.Release|Any CPU.ActiveCfg = Release|Any CPU
		{8CBAD29F-09FE-4C0E-989D-7336E3D9A6D5}.Release|Any CPU.Build.0 = Release|Any CPU
		{8CBAD29F-09FE-4C0E-989D-7336E3D9A6D5}.Release|ARM.ActiveCfg = Release|Any CPU
		{8CBAD29F-09FE-4C0E-989D-7336E3D9A6D5}.Release|ARM.Build.0 = Release|Any CPU
		{8CBAD29F-09FE-4C0E-989D-7336E3D9A6D5}.Release|ARM64.ActiveCfg = Release|Any CPU
		{8CBAD29F-09FE-4C0E-989D-7336E3D9A6D5}.Release|ARM64.Build.0 = Release|Any CPU
		{8CBAD29F-09FE-4C0E-989D-7336E3D9A6D5}.Release|x64.ActiveCfg = Release|Any CPU
		{8CBAD29F-09FE-4C0E-989D-7336E3D9A6D5}.Release|x64.Build.0 = Release|Any CPU
		{8CBAD29F-09FE-4C0E-989D-7336E3D9A6D5}.Release|x86.ActiveCfg = Release|Any CPU
		{8CBAD29F-09FE-4C0E-989D-7336E3D9A6D5}.Release|x86.Build.0 = Release|Any CPU
		{0F5002C5-6D65-4AD4-B2F2-BA9851EEA157}.Debug|Any CPU.ActiveCfg = Debug|Any CPU
		{0F5002C5-6D65-4AD4-B2F2-BA9851EEA157}.Debug|Any CPU.Build.0 = Debug|Any CPU
		{0F5002C5-6D65-4AD4-B2F2-BA9851EEA157}.Debug|ARM.ActiveCfg = Debug|Any CPU
		{0F5002C5-6D65-4AD4-B2F2-BA9851EEA157}.Debug|ARM.Build.0 = Debug|Any CPU
		{0F5002C5-6D65-4AD4-B2F2-BA9851EEA157}.Debug|ARM64.ActiveCfg = Debug|Any CPU
		{0F5002C5-6D65-4AD4-B2F2-BA9851EEA157}.Debug|ARM64.Build.0 = Debug|Any CPU
		{0F5002C5-6D65-4AD4-B2F2-BA9851EEA157}.Debug|x64.ActiveCfg = Debug|Any CPU
		{0F5002C5-6D65-4AD4-B2F2-BA9851EEA157}.Debug|x64.Build.0 = Debug|Any CPU
		{0F5002C5-6D65-4AD4-B2F2-BA9851EEA157}.Debug|x86.ActiveCfg = Debug|Any CPU
		{0F5002C5-6D65-4AD4-B2F2-BA9851EEA157}.Debug|x86.Build.0 = Debug|Any CPU
		{0F5002C5-6D65-4AD4-B2F2-BA9851EEA157}.Release|Any CPU.ActiveCfg = Release|Any CPU
		{0F5002C5-6D65-4AD4-B2F2-BA9851EEA157}.Release|Any CPU.Build.0 = Release|Any CPU
		{0F5002C5-6D65-4AD4-B2F2-BA9851EEA157}.Release|ARM.ActiveCfg = Release|Any CPU
		{0F5002C5-6D65-4AD4-B2F2-BA9851EEA157}.Release|ARM.Build.0 = Release|Any CPU
		{0F5002C5-6D65-4AD4-B2F2-BA9851EEA157}.Release|ARM64.ActiveCfg = Release|Any CPU
		{0F5002C5-6D65-4AD4-B2F2-BA9851EEA157}.Release|ARM64.Build.0 = Release|Any CPU
		{0F5002C5-6D65-4AD4-B2F2-BA9851EEA157}.Release|x64.ActiveCfg = Release|Any CPU
		{0F5002C5-6D65-4AD4-B2F2-BA9851EEA157}.Release|x64.Build.0 = Release|Any CPU
		{0F5002C5-6D65-4AD4-B2F2-BA9851EEA157}.Release|x86.ActiveCfg = Release|Any CPU
		{0F5002C5-6D65-4AD4-B2F2-BA9851EEA157}.Release|x86.Build.0 = Release|Any CPU
		{7C43C2E6-ED05-4C1F-B902-A2B01B339A32}.Debug|Any CPU.ActiveCfg = Debug|Any CPU
		{7C43C2E6-ED05-4C1F-B902-A2B01B339A32}.Debug|Any CPU.Build.0 = Debug|Any CPU
		{7C43C2E6-ED05-4C1F-B902-A2B01B339A32}.Debug|ARM.ActiveCfg = Debug|Any CPU
		{7C43C2E6-ED05-4C1F-B902-A2B01B339A32}.Debug|ARM.Build.0 = Debug|Any CPU
		{7C43C2E6-ED05-4C1F-B902-A2B01B339A32}.Debug|ARM64.ActiveCfg = Debug|Any CPU
		{7C43C2E6-ED05-4C1F-B902-A2B01B339A32}.Debug|ARM64.Build.0 = Debug|Any CPU
		{7C43C2E6-ED05-4C1F-B902-A2B01B339A32}.Debug|x64.ActiveCfg = Debug|Any CPU
		{7C43C2E6-ED05-4C1F-B902-A2B01B339A32}.Debug|x64.Build.0 = Debug|Any CPU
		{7C43C2E6-ED05-4C1F-B902-A2B01B339A32}.Debug|x86.ActiveCfg = Debug|Any CPU
		{7C43C2E6-ED05-4C1F-B902-A2B01B339A32}.Debug|x86.Build.0 = Debug|Any CPU
		{7C43C2E6-ED05-4C1F-B902-A2B01B339A32}.Release|Any CPU.ActiveCfg = Release|Any CPU
		{7C43C2E6-ED05-4C1F-B902-A2B01B339A32}.Release|Any CPU.Build.0 = Release|Any CPU
		{7C43C2E6-ED05-4C1F-B902-A2B01B339A32}.Release|ARM.ActiveCfg = Release|Any CPU
		{7C43C2E6-ED05-4C1F-B902-A2B01B339A32}.Release|ARM.Build.0 = Release|Any CPU
		{7C43C2E6-ED05-4C1F-B902-A2B01B339A32}.Release|ARM64.ActiveCfg = Release|Any CPU
		{7C43C2E6-ED05-4C1F-B902-A2B01B339A32}.Release|ARM64.Build.0 = Release|Any CPU
		{7C43C2E6-ED05-4C1F-B902-A2B01B339A32}.Release|x64.ActiveCfg = Release|Any CPU
		{7C43C2E6-ED05-4C1F-B902-A2B01B339A32}.Release|x64.Build.0 = Release|Any CPU
		{7C43C2E6-ED05-4C1F-B902-A2B01B339A32}.Release|x86.ActiveCfg = Release|Any CPU
		{7C43C2E6-ED05-4C1F-B902-A2B01B339A32}.Release|x86.Build.0 = Release|Any CPU
		{3BC74271-ACFC-4080-9357-E16507CA9877}.Debug|Any CPU.ActiveCfg = Debug|Any CPU
		{3BC74271-ACFC-4080-9357-E16507CA9877}.Debug|Any CPU.Build.0 = Debug|Any CPU
		{3BC74271-ACFC-4080-9357-E16507CA9877}.Debug|ARM.ActiveCfg = Debug|Any CPU
		{3BC74271-ACFC-4080-9357-E16507CA9877}.Debug|ARM.Build.0 = Debug|Any CPU
		{3BC74271-ACFC-4080-9357-E16507CA9877}.Debug|ARM64.ActiveCfg = Debug|Any CPU
		{3BC74271-ACFC-4080-9357-E16507CA9877}.Debug|ARM64.Build.0 = Debug|Any CPU
		{3BC74271-ACFC-4080-9357-E16507CA9877}.Debug|x64.ActiveCfg = Debug|Any CPU
		{3BC74271-ACFC-4080-9357-E16507CA9877}.Debug|x64.Build.0 = Debug|Any CPU
		{3BC74271-ACFC-4080-9357-E16507CA9877}.Debug|x86.ActiveCfg = Debug|Any CPU
		{3BC74271-ACFC-4080-9357-E16507CA9877}.Debug|x86.Build.0 = Debug|Any CPU
		{3BC74271-ACFC-4080-9357-E16507CA9877}.Release|Any CPU.ActiveCfg = Release|x86
		{3BC74271-ACFC-4080-9357-E16507CA9877}.Release|Any CPU.Build.0 = Release|x86
		{3BC74271-ACFC-4080-9357-E16507CA9877}.Release|ARM.ActiveCfg = Release|Any CPU
		{3BC74271-ACFC-4080-9357-E16507CA9877}.Release|ARM.Build.0 = Release|Any CPU
		{3BC74271-ACFC-4080-9357-E16507CA9877}.Release|ARM64.ActiveCfg = Release|Any CPU
		{3BC74271-ACFC-4080-9357-E16507CA9877}.Release|ARM64.Build.0 = Release|Any CPU
		{3BC74271-ACFC-4080-9357-E16507CA9877}.Release|x64.ActiveCfg = Release|Any CPU
		{3BC74271-ACFC-4080-9357-E16507CA9877}.Release|x64.Build.0 = Release|Any CPU
		{3BC74271-ACFC-4080-9357-E16507CA9877}.Release|x86.ActiveCfg = Release|Any CPU
		{3BC74271-ACFC-4080-9357-E16507CA9877}.Release|x86.Build.0 = Release|Any CPU
		{BA0ECF9F-1757-4A4F-AEA5-809179137F89}.Debug|Any CPU.ActiveCfg = Debug|Any CPU
		{BA0ECF9F-1757-4A4F-AEA5-809179137F89}.Debug|Any CPU.Build.0 = Debug|Any CPU
		{BA0ECF9F-1757-4A4F-AEA5-809179137F89}.Debug|ARM.ActiveCfg = Debug|Any CPU
		{BA0ECF9F-1757-4A4F-AEA5-809179137F89}.Debug|ARM.Build.0 = Debug|Any CPU
		{BA0ECF9F-1757-4A4F-AEA5-809179137F89}.Debug|ARM64.ActiveCfg = Debug|Any CPU
		{BA0ECF9F-1757-4A4F-AEA5-809179137F89}.Debug|ARM64.Build.0 = Debug|Any CPU
		{BA0ECF9F-1757-4A4F-AEA5-809179137F89}.Debug|x64.ActiveCfg = Debug|Any CPU
		{BA0ECF9F-1757-4A4F-AEA5-809179137F89}.Debug|x64.Build.0 = Debug|Any CPU
		{BA0ECF9F-1757-4A4F-AEA5-809179137F89}.Debug|x86.ActiveCfg = Debug|Any CPU
		{BA0ECF9F-1757-4A4F-AEA5-809179137F89}.Debug|x86.Build.0 = Debug|Any CPU
		{BA0ECF9F-1757-4A4F-AEA5-809179137F89}.Release|Any CPU.ActiveCfg = Release|Any CPU
		{BA0ECF9F-1757-4A4F-AEA5-809179137F89}.Release|Any CPU.Build.0 = Release|Any CPU
		{BA0ECF9F-1757-4A4F-AEA5-809179137F89}.Release|ARM.ActiveCfg = Release|Any CPU
		{BA0ECF9F-1757-4A4F-AEA5-809179137F89}.Release|ARM.Build.0 = Release|Any CPU
		{BA0ECF9F-1757-4A4F-AEA5-809179137F89}.Release|ARM64.ActiveCfg = Release|Any CPU
		{BA0ECF9F-1757-4A4F-AEA5-809179137F89}.Release|ARM64.Build.0 = Release|Any CPU
		{BA0ECF9F-1757-4A4F-AEA5-809179137F89}.Release|x64.ActiveCfg = Release|Any CPU
		{BA0ECF9F-1757-4A4F-AEA5-809179137F89}.Release|x64.Build.0 = Release|Any CPU
		{BA0ECF9F-1757-4A4F-AEA5-809179137F89}.Release|x86.ActiveCfg = Release|Any CPU
		{BA0ECF9F-1757-4A4F-AEA5-809179137F89}.Release|x86.Build.0 = Release|Any CPU
		{4007B9A9-25D7-4B8B-8C8F-CE754F5242F3}.Debug|Any CPU.ActiveCfg = Debug|Any CPU
		{4007B9A9-25D7-4B8B-8C8F-CE754F5242F3}.Debug|Any CPU.Build.0 = Debug|Any CPU
		{4007B9A9-25D7-4B8B-8C8F-CE754F5242F3}.Debug|ARM.ActiveCfg = Debug|Any CPU
		{4007B9A9-25D7-4B8B-8C8F-CE754F5242F3}.Debug|ARM.Build.0 = Debug|Any CPU
		{4007B9A9-25D7-4B8B-8C8F-CE754F5242F3}.Debug|ARM64.ActiveCfg = Debug|Any CPU
		{4007B9A9-25D7-4B8B-8C8F-CE754F5242F3}.Debug|ARM64.Build.0 = Debug|Any CPU
		{4007B9A9-25D7-4B8B-8C8F-CE754F5242F3}.Debug|x64.ActiveCfg = Debug|Any CPU
		{4007B9A9-25D7-4B8B-8C8F-CE754F5242F3}.Debug|x64.Build.0 = Debug|Any CPU
		{4007B9A9-25D7-4B8B-8C8F-CE754F5242F3}.Debug|x86.ActiveCfg = Debug|Any CPU
		{4007B9A9-25D7-4B8B-8C8F-CE754F5242F3}.Debug|x86.Build.0 = Debug|Any CPU
		{4007B9A9-25D7-4B8B-8C8F-CE754F5242F3}.Release|Any CPU.ActiveCfg = Release|Any CPU
		{4007B9A9-25D7-4B8B-8C8F-CE754F5242F3}.Release|Any CPU.Build.0 = Release|Any CPU
		{4007B9A9-25D7-4B8B-8C8F-CE754F5242F3}.Release|ARM.ActiveCfg = Release|Any CPU
		{4007B9A9-25D7-4B8B-8C8F-CE754F5242F3}.Release|ARM.Build.0 = Release|Any CPU
		{4007B9A9-25D7-4B8B-8C8F-CE754F5242F3}.Release|ARM64.ActiveCfg = Release|Any CPU
		{4007B9A9-25D7-4B8B-8C8F-CE754F5242F3}.Release|ARM64.Build.0 = Release|Any CPU
		{4007B9A9-25D7-4B8B-8C8F-CE754F5242F3}.Release|x64.ActiveCfg = Release|Any CPU
		{4007B9A9-25D7-4B8B-8C8F-CE754F5242F3}.Release|x64.Build.0 = Release|Any CPU
		{4007B9A9-25D7-4B8B-8C8F-CE754F5242F3}.Release|x86.ActiveCfg = Release|Any CPU
		{4007B9A9-25D7-4B8B-8C8F-CE754F5242F3}.Release|x86.Build.0 = Release|Any CPU
		{5BB0CBFC-3270-451C-A527-92639C36E49F}.Debug|Any CPU.ActiveCfg = Debug|Any CPU
		{5BB0CBFC-3270-451C-A527-92639C36E49F}.Debug|Any CPU.Build.0 = Debug|Any CPU
		{5BB0CBFC-3270-451C-A527-92639C36E49F}.Debug|Any CPU.Deploy.0 = Debug|Any CPU
		{5BB0CBFC-3270-451C-A527-92639C36E49F}.Debug|ARM.ActiveCfg = Debug|ARM
		{5BB0CBFC-3270-451C-A527-92639C36E49F}.Debug|ARM.Build.0 = Debug|ARM
		{5BB0CBFC-3270-451C-A527-92639C36E49F}.Debug|ARM.Deploy.0 = Debug|ARM
		{5BB0CBFC-3270-451C-A527-92639C36E49F}.Debug|ARM64.ActiveCfg = Debug|ARM64
		{5BB0CBFC-3270-451C-A527-92639C36E49F}.Debug|ARM64.Build.0 = Debug|ARM64
		{5BB0CBFC-3270-451C-A527-92639C36E49F}.Debug|ARM64.Deploy.0 = Debug|ARM64
		{5BB0CBFC-3270-451C-A527-92639C36E49F}.Debug|x64.ActiveCfg = Debug|x64
		{5BB0CBFC-3270-451C-A527-92639C36E49F}.Debug|x64.Build.0 = Debug|x64
		{5BB0CBFC-3270-451C-A527-92639C36E49F}.Debug|x64.Deploy.0 = Debug|x64
		{5BB0CBFC-3270-451C-A527-92639C36E49F}.Debug|x86.ActiveCfg = Debug|x86
		{5BB0CBFC-3270-451C-A527-92639C36E49F}.Debug|x86.Build.0 = Debug|x86
		{5BB0CBFC-3270-451C-A527-92639C36E49F}.Debug|x86.Deploy.0 = Debug|x86
		{5BB0CBFC-3270-451C-A527-92639C36E49F}.Release|Any CPU.ActiveCfg = Release|Any CPU
		{5BB0CBFC-3270-451C-A527-92639C36E49F}.Release|Any CPU.Build.0 = Release|Any CPU
		{5BB0CBFC-3270-451C-A527-92639C36E49F}.Release|ARM.ActiveCfg = Release|ARM
		{5BB0CBFC-3270-451C-A527-92639C36E49F}.Release|ARM.Build.0 = Release|ARM
		{5BB0CBFC-3270-451C-A527-92639C36E49F}.Release|ARM.Deploy.0 = Release|ARM
		{5BB0CBFC-3270-451C-A527-92639C36E49F}.Release|ARM64.ActiveCfg = Release|ARM64
		{5BB0CBFC-3270-451C-A527-92639C36E49F}.Release|ARM64.Build.0 = Release|ARM64
		{5BB0CBFC-3270-451C-A527-92639C36E49F}.Release|ARM64.Deploy.0 = Release|ARM64
		{5BB0CBFC-3270-451C-A527-92639C36E49F}.Release|x64.ActiveCfg = Release|x64
		{5BB0CBFC-3270-451C-A527-92639C36E49F}.Release|x64.Build.0 = Release|x64
		{5BB0CBFC-3270-451C-A527-92639C36E49F}.Release|x86.ActiveCfg = Release|x86
		{5BB0CBFC-3270-451C-A527-92639C36E49F}.Release|x86.Build.0 = Release|x86
		{5BB0CBFC-3270-451C-A527-92639C36E49F}.Release|x86.Deploy.0 = Release|x86
	EndGlobalSection
	GlobalSection(SolutionProperties) = preSolution
		HideSolutionNode = FALSE
	EndGlobalSection
	GlobalSection(ExtensibilityGlobals) = postSolution
		SolutionGuid = {B935071A-2636-4CEF-A139-ACD1910F8208}
	EndGlobalSection
EndGlobal
